{
  "name": "echars_demo",
  "version": "1.0.0",
  "lockfileVersion": 1,
  "requires": true,
  "dependencies": {
    "echarts": {
      "version": "5.0.2",
      "resolved": "https://registry.npm.taobao.org/echarts/download/echarts-5.0.2.tgz?cache=0&sync_timestamp=1612592943548&other_urls=https%3A%2F%2Fregistry.npm.taobao.org%2Fecharts%2Fdownload%2Fecharts-5.0.2.tgz",
      "integrity": "sha1-FybRelfPBdYs0FZ7QyXhIBpWuvY=",
      "requires": {
        "tslib": "2.0.3",
        "zrender": "5.0.4"
      }
    },
    "tslib": {
      "version": "2.0.3",
      "resolved": "https://registry.npm.taobao.org/tslib/download/tslib-2.0.3.tgz?cache=0&sync_timestamp=1609891553202&other_urls=https%3A%2F%2Fregistry.npm.taobao.org%2Ftslib%2Fdownload%2Ftslib-2.0.3.tgz",
      "integrity": "sha1-jgdBrEX8DCJuWKF7/D5kubxsphw="
    },
    "vue": {
      "version": "2.6.12",
      "resolved": "https://registry.npm.taobao.org/vue/download/vue-2.6.12.tgz?cache=0&sync_timestamp=1617149326145&other_urls=https%3A%2F%2Fregistry.npm.taobao.org%2Fvue%2Fdownload%2Fvue-2.6.12.tgz",
      "integrity": "sha1-9evU+mvShpQD4pqJau1JBEVskSM="
    },
    "vue-router": {
      "version": "3.5.1",
      "resolved": "https://registry.npm.taobao.org/vue-router/download/vue-router-3.5.1.tgz?cache=0&sync_timestamp=1615477462125&other_urls=https%3A%2F%2Fregistry.npm.taobao.org%2Fvue-router%2Fdownload%2Fvue-router-3.5.1.tgz",
      "integrity": "sha1-7fPPSQeVLR4Fg+B5I3Igxf9utsk="
    },
    "zrender": {
      "version": "5.0.4",
      "resolved": "https://registry.npm.taobao.org/zrender/download/zrender-5.0.4.tgz",
      "integrity": "sha1-icNVr5CLn2SjAbOPdRt5UfLIqVo=",
      "requires": {
        "tslib": "2.0.3"
      }
    }
  }
}
